Microsoft Visual Studio Solution File, Format Version 12.00
# Visual Studio 2012
Project("{FAE04EC0-301F-11D3-BF4B-00C04F79EFBC}") = "FileWatcherApp", "FileWatcherApp\FileWatcherApp.csproj", "{8B50C1A0-E746-465D-964B-7149DDF34A9A}"
EndProject
Project("{FAE04EC0-301F-11D3-BF4B-00C04F79EFBC}") = "FileWatcherForms", "FileWatcherForms\FileWatcherForms.csproj", "{853A28A4-F5C2-43EB-932F-B3E3419AB268}"
EndProject
Project("{2150E333-8FDC-42A3-9474-1A3956D46DE8}") = "Solution Items", "Solution Items", "{51C1F2DA-D208-4C42-81AA-555611569D31}"
	ProjectSection(SolutionItems) = preProject
		License.txt = License.txt
	EndProjectSection
EndProject
Global
	GlobalSection(SolutionConfigurationPlatforms) = preSolution
		Debug|Any CPU = Debug|Any CPU
		Release|Any CPU = Release|Any CPU
	EndGlobalSection
	GlobalSection(ProjectConfigurationPlatforms) = postSolution
		{8B50C1A0-E746-465D-964B-7149DDF34A9A}.Debug|Any CPU.ActiveCfg = Debug|Any CPU
		{8B50C1A0-E746-465D-964B-7149DDF34A9A}.Debug|Any CPU.Build.0 = Debug|Any CPU
		{8B50C1A0-E746-465D-964B-7149DDF34A9A}.Release|Any CPU.ActiveCfg = Release|Any CPU
		{8B50C1A0-E746-465D-964B-7149DDF34A9A}.Release|Any CPU.Build.0 = Release|Any CPU
		{853A28A4-F5C2-43EB-932F-B3E3419AB268}.Debug|Any CPU.ActiveCfg = Debug|Any CPU
		{853A28A4-F5C2-43EB-932F-B3E3419AB268}.Debug|Any CPU.Build.0 = Debug|Any CPU
		{853A28A4-F5C2-43EB-932F-B3E3419AB268}.Release|Any CPU.ActiveCfg = Release|Any CPU
		{853A28A4-F5C2-43EB-932F-B3E3419AB268}.Release|Any CPU.Build.0 = Release|Any CPU
	EndGlobalSection
	GlobalSection(SolutionProperties) = preSolution
		HideSolutionNode = FALSE
	EndGlobalSection
EndGlobal
